// !$*UTF8*$!
{
	archiveVersion = 1;
	classes = {
	};
	objectVersion = 52;
	objects = {

/* Begin PBXBuildFile section */
		027C0B8423CE687B00600A4C /* AppDelegate.swift in Sources */ = {isa = PBXBuildFile; fileRef = 027C0B8323CE687B00600A4C /* AppDelegate.swift */; };
		027C0B8623CE687B00600A4C /* SceneDelegate.swift in Sources */ = {isa = PBXBuildFile; fileRef = 027C0B8523CE687B00600A4C /* SceneDelegate.swift */; };
		027C0B8823CE687B00600A4C /* IntroPagesVC.swift in Sources */ = {isa = PBXBuildFile; fileRef = 027C0B8723CE687B00600A4C /* IntroPagesVC.swift */; };
		027C0B8D23CE687F00600A4C /* Assets.xcassets in Resources */ = {isa = PBXBuildFile; fileRef = 027C0B8C23CE687F00600A4C /* Assets.xcassets */; };
		027C0B9023CE687F00600A4C /* LaunchScreen.storyboard in Resources */ = {isa = PBXBuildFile; fileRef = 027C0B8E23CE687F00600A4C /* LaunchScreen.storyboard */; };
		027C0B9823CE70D800600A4C /* SlideLabelButton.swift in Sources */ = {isa = PBXBuildFile; fileRef = 027C0B9723CE70D800600A4C /* SlideLabelButton.swift */; };
		027C0B9D23CE790900600A4C /* Lottie in Frameworks */ = {isa = PBXBuildFile; productRef = 027C0B9C23CE790900600A4C /* Lottie */; };
		028FCDB423CF3177004194DF /* thinking.json in Resources */ = {isa = PBXBuildFile; fileRef = 028FCDB323CF3177004194DF /* thinking.json */; };
		028FCDB923CF4E8B004194DF /* CVPageCell.swift in Sources */ = {isa = PBXBuildFile; fileRef = 028FCDB823CF4E8B004194DF /* CVPageCell.swift */; };
		028FCDBB23CF7763004194DF /* Page.swift in Sources */ = {isa = PBXBuildFile; fileRef = 028FCDBA23CF7763004194DF /* Page.swift */; };
		028FCDBD23CF78E3004194DF /* at-office.json in Resources */ = {isa = PBXBuildFile; fileRef = 028FCDBC23CF78E3004194DF /* at-office.json */; };
		028FCDBF23CF7C90004194DF /* success.json in Resources */ = {isa = PBXBuildFile; fileRef = 028FCDBE23CF7C90004194DF /* success.json */; };
		028FCDC123CF8573004194DF /* Extensions.swift in Sources */ = {isa = PBXBuildFile; fileRef = 028FCDC023CF8573004194DF /* Extensions.swift */; };
		028FCDCF23D4D108004194DF /* LoginCell.swift in Sources */ = {isa = PBXBuildFile; fileRef = 028FCDCE23D4D108004194DF /* LoginCell.swift */; };
		028FCDD123D4D1CA004194DF /* profile.json in Resources */ = {isa = PBXBuildFile; fileRef = 028FCDD023D4D1CA004194DF /* profile.json */; };
		D44037DA6930A2F274CAD477 /* Pods_Simple_Animated_Intro_Screens.framework in Frameworks */ = {isa = PBXBuildFile; fileRef = 176C09A6C14343ECFF826659 /* Pods_Simple_Animated_Intro_Screens.framework */; };
/* End PBXBuildFile section */

/* Begin PBXFileReference section */
		027C0B8023CE687B00600A4C /* Simple-Animated-Intro-Screens.app */ = {isa = PBXFileReference; explicitFileType = wrapper.application; includeInIndex = 0; path = "Simple-Animated-Intro-Screens.app"; sourceTree = BUILT_PRODUCTS_DIR; };
		027C0B8323CE687B00600A4C /* AppDelegate.swift */ = {isa = PBXFileReference; lastKnownFileType = sourcecode.swift; path = AppDelegate.swift; sourceTree = "<group>"; };
		027C0B8523CE687B00600A4C /* SceneDelegate.swift */ = {isa = PBXFileReference; lastKnownFileType = sourcecode.swift; path = SceneDelegate.swift; sourceTree = "<group>"; };
		027C0B8723CE687B00600A4C /* IntroPagesVC.swift */ = {isa = PBXFileReference; lastKnownFileType = sourcecode.swift; path = IntroPagesVC.swift; sourceTree = "<group>"; };
		027C0B8C23CE687F00600A4C /* Assets.xcassets */ = {isa = PBXFileReference; lastKnownFileType = folder.assetcatalog; path = Assets.xcassets; sourceTree = "<group>"; };
		027C0B8F23CE687F00600A4C /* Base */ = {isa = PBXFileReference; lastKnownFileType = file.storyboard; name = Base; path = Base.lproj/LaunchScreen.storyboard; sourceTree = "<group>"; };
		027C0B9123CE687F00600A4C /* Info.plist */ = {isa = PBXFileReference; lastKnownFileType = text.plist.xml; path = Info.plist; sourceTree = "<group>"; };
		027C0B9723CE70D800600A4C /* SlideLabelButton.swift */ = {isa = PBXFileReference; lastKnownFileType = sourcecode.swift; path = SlideLabelButton.swift; sourceTree = "<group>"; };
		028FCDB323CF3177004194DF /* thinking.json */ = {isa = PBXFileReference; fileEncoding = 4; lastKnownFileType = text.json; path = thinking.json; sourceTree = "<group>"; };
		028FCDB823CF4E8B004194DF /* CVPageCell.swift */ = {isa = PBXFileReference; lastKnownFileType = sourcecode.swift; path = CVPageCell.swift; sourceTree = "<group>"; };
		028FCDBA23CF7763004194DF /* Page.swift */ = {isa = PBXFileReference; lastKnownFileType = sourcecode.swift; path = Page.swift; sourceTree = "<group>"; };
		028FCDBC23CF78E3004194DF /* at-office.json */ = {isa = PBXFileReference; fileEncoding = 4; lastKnownFileType = text.json; path = "at-office.json"; sourceTree = "<group>"; };
		028FCDBE23CF7C90004194DF /* success.json */ = {isa = PBXFileReference; fileEncoding = 4; lastKnownFileType = text.json; path = success.json; sourceTree = "<group>"; };
		028FCDC023CF8573004194DF /* Extensions.swift */ = {isa = PBXFileReference; lastKnownFileType = sourcecode.swift; path = Extensions.swift; sourceTree = "<group>"; };
		028FCDCE23D4D108004194DF /* LoginCell.swift */ = {isa = PBXFileReference; lastKnownFileType = sourcecode.swift; path = LoginCell.swift; sourceTree = "<group>"; };
		028FCDD023D4D1CA004194DF /* profile.json */ = {isa = PBXFileReference; fileEncoding = 4; lastKnownFileType = text.json; path = profile.json; sourceTree = "<group>"; };
		176C09A6C14343ECFF826659 /* Pods_Simple_Animated_Intro_Screens.framework */ = {isa = PBXFileReference; explicitFileType = wrapper.framework; includeInIndex = 0; path = Pods_Simple_Animated_Intro_Screens.framework; sourceTree = BUILT_PRODUCTS_DIR; };
		A8AA73263B402CD657474CD9 /* Pods-Simple-Animated-Intro-Screens.debug.xcconfig */ = {isa = PBXFileReference; includeInIndex = 1; lastKnownFileType = text.xcconfig; name = "Pods-Simple-Animated-Intro-Screens.debug.xcconfig"; path = "Target Support Files/Pods-Simple-Animated-Intro-Screens/Pods-Simple-Animated-Intro-Screens.debug.xcconfig"; sourceTree = "<group>"; };
		E26994F71E24876FE926DCC1 /* Pods-Simple-Animated-Intro-Screens.release.xcconfig */ = {isa = PBXFileReference; includeInIndex = 1; lastKnownFileType = text.xcconfig; name = "Pods-Simple-Animated-Intro-Screens.release.xcconfig"; path = "Target Support Files/Pods-Simple-Animated-Intro-Screens/Pods-Simple-Animated-Intro-Screens.release.xcconfig"; sourceTree = "<group>"; };
/* End PBXFileReference section */

/* Begin PBXFrameworksBuildPhase section */
		027C0B7D23CE687B00600A4C /* Frameworks */ = {
			isa = PBXFrameworksBuildPhase;
			buildActionMask = 2147483647;
			files = (
				D44037DA6930A2F274CAD477 /* Pods_Simple_Animated_Intro_Screens.framework in Frameworks */,
				027C0B9D23CE790900600A4C /* Lottie in Frameworks */,
			);
			runOnlyForDeploymentPostprocessing = 0;
		};
/* End PBXFrameworksBuildPhase section */

/* Begin PBXGroup section */
		027C0B7723CE687B00600A4C = {
			isa = PBXGroup;
			children = (
				027C0B8223CE687B00600A4C /* Simple-Animated-Intro-Screens */,
				027C0B8123CE687B00600A4C /* Products */,
				A3B55FE0B3052F987C07B470 /* Pods */,
				CC6B6B5CE00B6572D406EF3A /* Frameworks */,
			);
			sourceTree = "<group>";
		};
		027C0B8123CE687B00600A4C /* Products */ = {
			isa = PBXGroup;
			children = (
				027C0B8023CE687B00600A4C /* Simple-Animated-Intro-Screens.app */,
			);
			name = Products;
			sourceTree = "<group>";
		};
		027C0B8223CE687B00600A4C /* Simple-Animated-Intro-Screens */ = {
			isa = PBXGroup;
			children = (
				028FCDCB23D24A7E004194DF /* Support */,
				028FCDC823D249BE004194DF /* Screens */,
				028FCDC623D2495D004194DF /* CustomViews */,
				028FCDC523D2493D004194DF /* Model */,
				028FCDC423D2492F004194DF /* Extensions */,
				028FCDB523CF3D62004194DF /* JSON */,
			);
			path = "Simple-Animated-Intro-Screens";
			sourceTree = "<group>";
		};
		028FCDB523CF3D62004194DF /* JSON */ = {
			isa = PBXGroup;
			children = (
				028FCDD023D4D1CA004194DF /* profile.json */,
				028FCDB323CF3177004194DF /* thinking.json */,
				028FCDBC23CF78E3004194DF /* at-office.json */,
				028FCDBE23CF7C90004194DF /* success.json */,
			);
			path = JSON;
			sourceTree = "<group>";
		};
		028FCDC423D2492F004194DF /* Extensions */ = {
			isa = PBXGroup;
			children = (
				028FCDC023CF8573004194DF /* Extensions.swift */,
			);
			path = Extensions;
			sourceTree = "<group>";
		};
		028FCDC523D2493D004194DF /* Model */ = {
			isa = PBXGroup;
			children = (
				028FCDBA23CF7763004194DF /* Page.swift */,
			);
			path = Model;
			sourceTree = "<group>";
		};
		028FCDC623D2495D004194DF /* CustomViews */ = {
			isa = PBXGroup;
			children = (
				028FCDC923D249D2004194DF /* Cells */,
				028FCDC723D24966004194DF /* Labels */,
			);
			path = CustomViews;
			sourceTree = "<group>";
		};
		028FCDC723D24966004194DF /* Labels */ = {
			isa = PBXGroup;
			children = (
				027C0B9723CE70D800600A4C /* SlideLabelButton.swift */,
			);
			path = Labels;
			sourceTree = "<group>";
		};
		028FCDC823D249BE004194DF /* Screens */ = {
			isa = PBXGroup;
			children = (
				027C0B8723CE687B00600A4C /* IntroPagesVC.swift */,
			);
			path = Screens;
			sourceTree = "<group>";
		};
		028FCDC923D249D2004194DF /* Cells */ = {
			isa = PBXGroup;
			children = (
				028FCDB823CF4E8B004194DF /* CVPageCell.swift */,
				028FCDCE23D4D108004194DF /* LoginCell.swift */,
			);
			path = Cells;
			sourceTree = "<group>";
		};
		028FCDCB23D24A7E004194DF /* Support */ = {
			isa = PBXGroup;
			children = (
				027C0B8323CE687B00600A4C /* AppDelegate.swift */,
				027C0B8523CE687B00600A4C /* SceneDelegate.swift */,
				027C0B8C23CE687F00600A4C /* Assets.xcassets */,
				027C0B8E23CE687F00600A4C /* LaunchScreen.storyboard */,
				027C0B9123CE687F00600A4C /* Info.plist */,
			);
			path = Support;
			sourceTree = "<group>";
		};
		A3B55FE0B3052F987C07B470 /* Pods */ = {
			isa = PBXGroup;
			children = (
				A8AA73263B402CD657474CD9 /* Pods-Simple-Animated-Intro-Screens.debug.xcconfig */,
				E26994F71E24876FE926DCC1 /* Pods-Simple-Animated-Intro-Screens.release.xcconfig */,
			);
			path = Pods;
			sourceTree = "<group>";
		};
		CC6B6B5CE00B6572D406EF3A /* Frameworks */ = {
			isa = PBXGroup;
			children = (
				176C09A6C14343ECFF826659 /* Pods_Simple_Animated_Intro_Screens.framework */,
			);
			name = Frameworks;
			sourceTree = "<group>";
		};
/* End PBXGroup section */

/* Begin PBXNativeTarget section */
		027C0B7F23CE687B00600A4C /* Simple-Animated-Intro-Screens */ = {
			isa = PBXNativeTarget;
			buildConfigurationList = 027C0B9423CE687F00600A4C /* Build configuration list for PBXNativeTarget "Simple-Animated-Intro-Screens" */;
			buildPhases = (
				EDA3AB44502551C535E6C517 /* [CP] Check Pods Manifest.lock */,
				027C0B7C23CE687B00600A4C /* Sources */,
				027C0B7D23CE687B00600A4C /* Frameworks */,
				027C0B7E23CE687B00600A4C /* Resources */,
				273570159A5ADC156F2EF5CA /* [CP] Embed Pods Frameworks */,
			);
			buildRules = (
			);
			dependencies = (
			);
			name = "Simple-Animated-Intro-Screens";
			packageProductDependencies = (
				027C0B9C23CE790900600A4C /* Lottie */,
			);
			productName = "Simple-Animated-Intro-Screens";
			productReference = 027C0B8023CE687B00600A4C /* Simple-Animated-Intro-Screens.app */;
			productType = "com.apple.product-type.application";
		};
/* End PBXNativeTarget section */

/* Begin PBXProject section */
		027C0B7823CE687B00600A4C /* Project object */ = {
			isa = PBXProject;
			attributes = {
				LastSwiftUpdateCheck = 1100;
				LastUpgradeCheck = 1100;
				ORGANIZATIONNAME = "Darragh Blake";
				TargetAttributes = {
					027C0B7F23CE687B00600A4C = {
						CreatedOnToolsVersion = 11.0;
					};
				};
			};
			buildConfigurationList = 027C0B7B23CE687B00600A4C /* Build configuration list for PBXProject "Simple-Animated-Intro-Screens" */;
			compatibilityVersion = "Xcode 9.3";
			developmentRegion = en;
			hasScannedForEncodings = 0;
			knownRegions = (
				en,
				Base,
			);
			mainGroup = 027C0B7723CE687B00600A4C;
			packageReferences = (
				027C0B9B23CE790900600A4C /* XCRemoteSwiftPackageReference "lottie-ios" */,
			);
			productRefGroup = 027C0B8123CE687B00600A4C /* Products */;
			projectDirPath = "";
			projectRoot = "";
			targets = (
				027C0B7F23CE687B00600A4C /* Simple-Animated-Intro-Screens */,
			);
		};
/* End PBXProject section */

/* Begin PBXResourcesBuildPhase section */
		027C0B7E23CE687B00600A4C /* Resources */ = {
			isa = PBXResourcesBuildPhase;
			buildActionMask = 2147483647;
			files = (
				028FCDBF23CF7C90004194DF /* success.json in Resources */,
				028FCDBD23CF78E3004194DF /* at-office.json in Resources */,
				028FCDB423CF3177004194DF /* thinking.json in Resources */,
				028FCDD123D4D1CA004194DF /* profile.json in Resources */,
				027C0B9023CE687F00600A4C /* LaunchScreen.storyboard in Resources */,
				027C0B8D23CE687F00600A4C /* Assets.xcassets in Resources */,
			);
			runOnlyForDeploymentPostprocessing = 0;
		};
/* End PBXResourcesBuildPhase section */

/* Begin PBXShellScriptBuildPhase section */
		273570159A5ADC156F2EF5CA /* [CP] Embed Pods Frameworks */ = {
			isa = PBXShellScriptBuildPhase;
			buildActionMask = 2147483647;
			files = (
			);
			inputFileListPaths = (
				"${PODS_ROOT}/Target Support Files/Pods-Simple-Animated-Intro-Screens/Pods-Simple-Animated-Intro-Screens-frameworks-${CONFIGURATION}-input-files.xcfilelist",
			);
			name = "[CP] Embed Pods Frameworks";
			outputFileListPaths = (
				"${PODS_ROOT}/Target Support Files/Pods-Simple-Animated-Intro-Screens/Pods-Simple-Animated-Intro-Screens-frameworks-${CONFIGURATION}-output-files.xcfilelist",
			);
			runOnlyForDeploymentPostprocessing = 0;
			shellPath = /bin/sh;
			shellScript = "\"${PODS_ROOT}/Target Support Files/Pods-Simple-Animated-Intro-Screens/Pods-Simple-Animated-Intro-Screens-frameworks.sh\"\n";
			showEnvVarsInLog = 0;
		};
		EDA3AB44502551C535E6C517 /* [CP] Check Pods Manifest.lock */ = {
			isa = PBXShellScriptBuildPhase;
			buildActionMask = 2147483647;
			files = (
			);
			inputFileListPaths = (
			);
			inputPaths = (
				"${PODS_PODFILE_DIR_PATH}/Podfile.lock",
				"${PODS_ROOT}/Manifest.lock",
			);
			name = "[CP] Check Pods Manifest.lock";
			outputFileListPaths = (
			);
			outputPaths = (
				"$(DERIVED_FILE_DIR)/Pods-Simple-Animated-Intro-Screens-checkManifestLockResult.txt",
			);
			runOnlyForDeploymentPostprocessing = 0;
			shellPath = /bin/sh;
			shellScript = "diff \"${PODS_PODFILE_DIR_PATH}/Podfile.lock\" \"${PODS_ROOT}/Manifest.lock\" > /dev/null\nif [ $? != 0 ] ; then\n    # print error to STDERR\n    echo \"error: The sandbox is not in sync with the Podfile.lock. Run 'pod install' or update your CocoaPods installation.\" >&2\n    exit 1\nfi\n# This output is used by Xcode 'outputs' to avoid re-running this script phase.\necho \"SUCCESS\" > \"${SCRIPT_OUTPUT_FILE_0}\"\n";
			showEnvVarsInLog = 0;
		};
/* End PBXShellScriptBuildPhase section */

/* Begin PBXSourcesBuildPhase section */
		027C0B7C23CE687B00600A4C /* Sources */ = {
			isa = PBXSourcesBuildPhase;
			buildActionMask = 2147483647;
			files = (
				027C0B8823CE687B00600A4C /* IntroPagesVC.swift in Sources */,
				027C0B8423CE687B00600A4C /* AppDelegate.swift in Sources */,
				028FCDBB23CF7763004194DF /* Page.swift in Sources */,
				028FCDCF23D4D108004194DF /* LoginCell.swift in Sources */,
				027C0B9823CE70D800600A4C /* SlideLabelButton.swift in Sources */,
				028FCDB923CF4E8B004194DF /* CVPageCell.swift in Sources */,
				027C0B8623CE687B00600A4C /* SceneDelegate.swift in Sources */,
				028FCDC123CF8573004194DF /* Extensions.swift in Sources */,
			);
			runOnlyForDeploymentPostprocessing = 0;
		};
/* End PBXSourcesBuildPhase section */

/* Begin PBXVariantGroup section */
		027C0B8E23CE687F00600A4C /* LaunchScreen.storyboard */ = {
			isa = PBXVariantGroup;
			children = (
				027C0B8F23CE687F00600A4C /* Base */,
			);
			name = LaunchScreen.storyboard;
			sourceTree = "<group>";
		};
/* End PBXVariantGroup section */

/* Begin XCBuildConfiguration section */
		027C0B9223CE687F00600A4C /* Debug */ = {
			isa = XCBuildConfiguration;
			buildSettings = {
				ALWAYS_SEARCH_USER_PATHS = NO;
				CLANG_ANALYZER_NONNULL = YES;
				CLANG_ANALYZER_NUMBER_OBJECT_CONVERSION = YES_AGGRESSIVE;
				CLANG_CXX_LANGUAGE_STANDARD = "gnu++14";
				CLANG_CXX_LIBRARY = "libc++";
				CLANG_ENABLE_MODULES = YES;
				CLANG_ENABLE_OBJC_ARC = YES;
				CLANG_ENABLE_OBJC_WEAK = YES;
				CLANG_WARN_BLOCK_CAPTURE_AUTORELEASING = YES;
				CLANG_WARN_BOOL_CONVERSION = YES;
				CLANG_WARN_COMMA = YES;
				CLANG_WARN_CONSTANT_CONVERSION = YES;
				CLANG_WARN_DEPRECATED_OBJC_IMPLEMENTATIONS = YES;
				CLANG_WARN_DIRECT_OBJC_ISA_USAGE = YES_ERROR;
				CLANG_WARN_DOCUMENTATION_COMMENTS = YES;
				CLANG_WARN_EMPTY_BODY = YES;
				CLANG_WARN_ENUM_CONVERSION = YES;
				CLANG_WARN_INFINITE_RECURSION = YES;
				CLANG_WARN_INT_CONVERSION = YES;
				CLANG_WARN_NON_LITERAL_NULL_CONVERSION = YES;
				CLANG_WARN_OBJC_IMPLICIT_RETAIN_SELF = YES;
				CLANG_WARN_OBJC_LITERAL_CONVERSION = YES;
				CLANG_WARN_OBJC_ROOT_CLASS = YES_ERROR;
				CLANG_WARN_RANGE_LOOP_ANALYSIS = YES;
				CLANG_WARN_STRICT_PROTOTYPES = YES;
				CLANG_WARN_SUSPICIOUS_MOVE = YES;
				CLANG_WARN_UNGUARDED_AVAILABILITY = YES_AGGRESSIVE;
				CLANG_WARN_UNREACHABLE_CODE = YES;
				CLANG_WARN__DUPLICATE_METHOD_MATCH = YES;
				COPY_PHASE_STRIP = NO;
				DEBUG_INFORMATION_FORMAT = dwarf;
				ENABLE_STRICT_OBJC_MSGSEND = YES;
				ENABLE_TESTABILITY = YES;
				GCC_C_LANGUAGE_STANDARD = gnu11;
				GCC_DYNAMIC_NO_PIC = NO;
				GCC_NO_COMMON_BLOCKS = YES;
				GCC_OPTIMIZATION_LEVEL = 0;
				GCC_PREPROCESSOR_DEFINITIONS = (
					"DEBUG=1",
					"$(inherited)",
				);
				GCC_WARN_64_TO_32_BIT_CONVERSION = YES;
				GCC_WARN_ABOUT_RETURN_TYPE = YES_ERROR;
				GCC_WARN_UNDECLARED_SELECTOR = YES;
				GCC_WARN_UNINITIALIZED_AUTOS = YES_AGGRESSIVE;
				GCC_WARN_UNUSED_FUNCTION = YES;
				GCC_WARN_UNUSED_VARIABLE = YES;
				IPHONEOS_DEPLOYMENT_TARGET = 13.0;
				MTL_ENABLE_DEBUG_INFO = INCLUDE_SOURCE;
				MTL_FAST_MATH = YES;
				ONLY_ACTIVE_ARCH = YES;
				SDKROOT = iphoneos;
				SWIFT_ACTIVE_COMPILATION_CONDITIONS = DEBUG;
				SWIFT_OPTIMIZATION_LEVEL = "-Onone";
			};
			name = Debug;
		};
		027C0B9323CE687F00600A4C /* Release */ = {
			isa = XCBuildConfiguration;
			buildSettings = {
				ALWAYS_SEARCH_USER_PATHS = NO;
				CLANG_ANALYZER_NONNULL = YES;
				CLANG_ANALYZER_NUMBER_OBJECT_CONVERSION = YES_AGGRESSIVE;
				CLANG_CXX_LANGUAGE_STANDARD = "gnu++14";
				CLANG_CXX_LIBRARY = "libc++";
				CLANG_ENABLE_MODULES = YES;
				CLANG_ENABLE_OBJC_ARC = YES;
				CLANG_ENABLE_OBJC_WEAK = YES;
				CLANG_WARN_BLOCK_CAPTURE_AUTORELEASING = YES;
				CLANG_WARN_BOOL_CONVERSION = YES;
				CLANG_WARN_COMMA = YES;
				CLANG_WARN_CONSTANT_CONVERSION = YES;
				CLANG_WARN_DEPRECATED_OBJC_IMPLEMENTATIONS = YES;
				CLANG_WARN_DIRECT_OBJC_ISA_USAGE = YES_ERROR;
				CLANG_WARN_DOCUMENTATION_COMMENTS = YES;
				CLANG_WARN_EMPTY_BODY = YES;
				CLANG_WARN_ENUM_CONVERSION = YES;
				CLANG_WARN_INFINITE_RECURSION = YES;
				CLANG_WARN_INT_CONVERSION = YES;
				CLANG_WARN_NON_LITERAL_NULL_CONVERSION = YES;
				CLANG_WARN_OBJC_IMPLICIT_RETAIN_SELF = YES;
				CLANG_WARN_OBJC_LITERAL_CONVERSION = YES;
				CLANG_WARN_OBJC_ROOT_CLASS = YES_ERROR;
				CLANG_WARN_RANGE_LOOP_ANALYSIS = YES;
				CLANG_WARN_STRICT_PROTOTYPES = YES;
				CLANG_WARN_SUSPICIOUS_MOVE = YES;
				CLANG_WARN_UNGUARDED_AVAILABILITY = YES_AGGRESSIVE;
				CLANG_WARN_UNREACHABLE_CODE = YES;
				CLANG_WARN__DUPLICATE_METHOD_MATCH = YES;
				COPY_PHASE_STRIP = NO;
				DEBUG_INFORMATION_FORMAT = "dwarf-with-dsym";
				ENABLE_NS_ASSERTIONS = NO;
				ENABLE_STRICT_OBJC_MSGSEND = YES;
				GCC_C_LANGUAGE_STANDARD = gnu11;
				GCC_NO_COMMON_BLOCKS = YES;
				GCC_WARN_64_TO_32_BIT_CONVERSION = YES;
				GCC_WARN_ABOUT_RETURN_TYPE = YES_ERROR;
				GCC_WARN_UNDECLARED_SELECTOR = YES;
				GCC_WARN_UNINITIALIZED_AUTOS = YES_AGGRESSIVE;
				GCC_WARN_UNUSED_FUNCTION = YES;
				GCC_WARN_UNUSED_VARIABLE = YES;
				IPHONEOS_DEPLOYMENT_TARGET = 13.0;
				MTL_ENABLE_DEBUG_INFO = NO;
				MTL_FAST_MATH = YES;
				SDKROOT = iphoneos;
				SWIFT_COMPILATION_MODE = wholemodule;
				SWIFT_OPTIMIZATION_LEVEL = "-O";
				VALIDATE_PRODUCT = YES;
			};
			name = Release;
		};
		027C0B9523CE687F00600A4C /* Debug */ = {
			isa = XCBuildConfiguration;
			baseConfigurationReference = A8AA73263B402CD657474CD9 /* Pods-Simple-Animated-Intro-Screens.debug.xcconfig */;
			buildSettings = {
				ASSETCATALOG_COMPILER_APPICON_NAME = AppIcon;
				CODE_SIGN_STYLE = Automatic;
				DEVELOPMENT_TEAM = SKFTH2J54U;
				INFOPLIST_FILE = "Simple-Animated-Intro-Screens/Support/Info.plist";
				LD_RUNPATH_SEARCH_PATHS = (
					"$(inherited)",
					"@executable_path/Frameworks",
				);
				PRODUCT_BUNDLE_IDENTIFIER = "com.darraghblake.Simple-Animated-Intro-Screens";
				PRODUCT_NAME = "$(TARGET_NAME)";
				SWIFT_VERSION = 5.0;
				TARGETED_DEVICE_FAMILY = 1;
			};
			name = Debug;
		};
		027C0B9623CE687F00600A4C /* Release */ = {
			isa = XCBuildConfiguration;
			baseConfigurationReference = E26994F71E24876FE926DCC1 /* Pods-Simple-Animated-Intro-Screens.release.xcconfig */;
			buildSettings = {
				ASSETCATALOG_COMPILER_APPICON_NAME = AppIcon;
				CODE_SIGN_STYLE = Automatic;
				DEVELOPMENT_TEAM = SKFTH2J54U;
				INFOPLIST_FILE = "Simple-Animated-Intro-Screens/Support/Info.plist";
				LD_RUNPATH_SEARCH_PATHS = (
					"$(inherited)",
					"@executable_path/Frameworks",
				);
				PRODUCT_BUNDLE_IDENTIFIER = "com.darraghblake.Simple-Animated-Intro-Screens";
				PRODUCT_NAME = "$(TARGET_NAME)";
				SWIFT_VERSION = 5.0;
				TARGETED_DEVICE_FAMILY = 1;
			};
			name = Release;
		};
/* End XCBuildConfiguration section */

/* Begin XCConfigurationList section */
		027C0B7B23CE687B00600A4C /* Build configuration list for PBXProject "Simple-Animated-Intro-Screens" */ = {
			isa = XCConfigurationList;
			buildConfigurations = (
				027C0B9223CE687F00600A4C /* Debug */,
				027C0B9323CE687F00600A4C /* Release */,
			);
			defaultConfigurationIsVisible = 0;
			defaultConfigurationName = Release;
		};
		027C0B9423CE687F00600A4C /* Build configuration list for PBXNativeTarget "Simple-Animated-Intro-Screens" */ = {
			isa = XCConfigurationList;
			buildConfigurations = (
				027C0B9523CE687F00600A4C /* Debug */,
				027C0B9623CE687F00600A4C /* Release */,
			);
			defaultConfigurationIsVisible = 0;
			defaultConfigurationName = Release;
		};
/* End XCConfigurationList section */

/* Begin XCRemoteSwiftPackageReference section */
		027C0B9B23CE790900600A4C /* XCRemoteSwiftPackageReference "lottie-ios" */ = {
			isa = XCRemoteSwiftPackageReference;
			repositoryURL = "https://github.com/airbnb/lottie-ios.git";
			requirement = {
				kind = upToNextMajorVersion;
				minimumVersion = 3.1.5;
			};
		};
/* End XCRemoteSwiftPackageReference section */

/* Begin XCSwiftPackageProductDependency section */
		027C0B9C23CE790900600A4C /* Lottie */ = {
			isa = XCSwiftPackageProductDependency;
			package = 027C0B9B23CE790900600A4C /* XCRemoteSwiftPackageReference "lottie-ios" */;
			productName = Lottie;
		};
/* End XCSwiftPackageProductDependency section */
	};
	rootObject = 027C0B7823CE687B00600A4C /* Project object */;
}
